
Microsoft Visual Studio Solution File, Format Version 12.00
# Visual Studio Version 16
VisualStudioVersion = 16.0.30114.105
MinimumVisualStudioVersion = 10.0.40219.1
Project("{FAE04EC0-301F-11D3-BF4B-00C04F79EFBC}") = "demoapp100", "demoapp100\demoapp100.csproj", "{4DC810EC-E07F-4794-8F47-ABCD3AD15442}"
EndProject
Global
	GlobalSection(SolutionConfigurationPlatforms) = preSolution
		Debug|Any CPU = Debug|Any CPU
		Release|Any CPU = Release|Any CPU
	EndGlobalSection
	GlobalSection(ProjectConfigurationPlatforms) = postSolution
		{4DC810EC-E07F-4794-8F47-ABCD3AD15442}.Debug|Any CPU.ActiveCfg = Debug|Any CPU
		{4DC810EC-E07F-4794-8F47-ABCD3AD15442}.Debug|Any CPU.Build.0 = Debug|Any CPU
		{4DC810EC-E07F-4794-8F47-ABCD3AD15442}.Release|Any CPU.ActiveCfg = Release|Any CPU
		{4DC810EC-E07F-4794-8F47-ABCD3AD15442}.Release|Any CPU.Build.0 = Release|Any CPU
	EndGlobalSection
	GlobalSection(SolutionProperties) = preSolution
		HideSolutionNode = FALSE
	EndGlobalSection
	GlobalSection(ExtensibilityGlobals) = postSolution
		SolutionGuid = {2485610E-8130-4786-89B6-611BF16C639C}
	EndGlobalSection
EndGlobal
